
Microsoft Visual Studio Solution File, Format Version 12.00
# Visual Studio Version 16
VisualStudioVersion = 16.0.29519.181
MinimumVisualStudioVersion = 10.0.40219.1
Project("{FAE04EC0-301F-11D3-BF4B-00C04F79EFBC}") = "MiRAPI", "MiRAPI.csproj", "{7127D9DD-7139-4572-8964-EABCA3E46C07}"
EndProject
Global
	GlobalSection(SolutionConfigurationPlatforms) = preSolution
		Debug|Any CPU = Debug|Any CPU
		Release|Any CPU = Release|Any CPU
	EndGlobalSection
	GlobalSection(ProjectConfigurationPlatforms) = postSolution
		{7127D9DD-7139-4572-8964-EABCA3E46C07}.Debug|Any CPU.ActiveCfg = Debug|Any CPU
		{7127D9DD-7139-4572-8964-EABCA3E46C07}.Debug|Any CPU.Build.0 = Debug|Any CPU
		{7127D9DD-7139-4572-8964-EABCA3E46C07}.Release|Any CPU.ActiveCfg = Release|Any CPU
		{7127D9DD-7139-4572-8964-EABCA3E46C07}.Release|Any CPU.Build.0 = Release|Any CPU
	EndGlobalSection
	GlobalSection(SolutionProperties) = preSolution
		HideSolutionNode = FALSE
	EndGlobalSection
	GlobalSection(ExtensibilityGlobals) = postSolution
		SolutionGuid = {477E225B-ECD5-4B55-A359-F8F1B6429E7D}
	EndGlobalSection
EndGlobal
